
Microsoft Visual Studio Solution File, Format Version 12.00
# Visual Studio 14
VisualStudioVersion = 14.0.25420.1
MinimumVisualStudioVersion = 10.0.40219.1
Project("{FAE04EC0-301F-11D3-BF4B-00C04F79EFBC}") = "CommChannelDemo", "CommChannelDemo\CommChannelDemo.csproj", "{2CDADBB2-ED16-4B7C-A4D9-507533047991}"
EndProject
Project("{FAE04EC0-301F-11D3-BF4B-00C04F79EFBC}") = "Communication", "Communication\Communication.csproj", "{9DC86AAC-C625-4BCD-8011-9D36551C4320}"
EndProject
Project("{FAE04EC0-301F-11D3-BF4B-00C04F79EFBC}") = "CS-BlockingQueue", "CS-BlockingQueue\CS-BlockingQueue\CS-BlockingQueue.csproj", "{2B18C238-3961-44BE-8813-0D4A8DC89FBF}"
EndProject
Project("{FAE04EC0-301F-11D3-BF4B-00C04F79EFBC}") = "Messages", "Messages\Messages.csproj", "{4C9C60B6-34AA-4F47-8B81-E9BB549BB0DB}"
EndProject
Project("{FAE04EC0-301F-11D3-BF4B-00C04F79EFBC}") = "Serialization", "Serialization\Serialization.csproj", "{46BF9755-AB2C-4A5B-81FE-0D2AB6E81811}"
EndProject
Project("{FAE04EC0-301F-11D3-BF4B-00C04F79EFBC}") = "TestHarnessServer", "Server\TestHarnessServer.csproj", "{009ECDA4-B488-4D7C-9F17-2B4929C2A8F0}"
EndProject
Project("{FAE04EC0-301F-11D3-BF4B-00C04F79EFBC}") = "MessageTest", "MessageTest\MessageTest.csproj", "{2CF68BC1-5F69-4372-AEE2-9CDEDA457085}"
EndProject
Project("{2150E333-8FDC-42A3-9474-1A3956D46DE8}") = "Solution Items", "Solution Items", "{371D7511-FD34-43BC-9AA1-7AED8F75E468}"
EndProject
Project("{FAE04EC0-301F-11D3-BF4B-00C04F79EFBC}") = "client1", "client1\client1.csproj", "{58C96ED0-B249-4F03-B32E-FE2FB00A39DC}"
EndProject
Project("{FAE04EC0-301F-11D3-BF4B-00C04F79EFBC}") = "RepositoryServer", "service\RepositoryServer.csproj", "{66C5F965-7C66-479A-9960-A3CA6080A71B}"
EndProject
Project("{FAE04EC0-301F-11D3-BF4B-00C04F79EFBC}") = "AppDomain1", "AppDomain1\AppDomain1.csproj", "{A325BABC-E511-47E7-910C-EB7B6149A9D0}"
EndProject
Project("{FAE04EC0-301F-11D3-BF4B-00C04F79EFBC}") = "Interface", "Interface\Interface.csproj", "{3168AB72-0CD8-44E6-8137-408B8B5FDDB8}"
EndProject
Project("{FAE04EC0-301F-11D3-BF4B-00C04F79EFBC}") = "LoadAndExecute", "LoadAndExecute\LoadAndExecute.csproj", "{255D29B0-6F4E-471E-9133-C786125BC914}"
EndProject
Project("{FAE04EC0-301F-11D3-BF4B-00C04F79EFBC}") = "logger", "logger\logger.csproj", "{97961BB7-5549-4CC5-A9B5-D120C74E2B8D}"
EndProject
Project("{FAE04EC0-301F-11D3-BF4B-00C04F79EFBC}") = "TestCode1", "TestCode1\TestCode1.csproj", "{00651528-25F8-4217-8972-60AB7E7F977E}"
EndProject
Project("{FAE04EC0-301F-11D3-BF4B-00C04F79EFBC}") = "TestCode2", "TestCode2\TestCode2.csproj", "{C8DB933E-6FAD-4541-8800-5A1A7929FAFF}"
EndProject
Project("{FAE04EC0-301F-11D3-BF4B-00C04F79EFBC}") = "TestCode3", "TestCode3\TestCode3.csproj", "{24DBED17-B6D9-484A-983B-236009CA2453}"
EndProject
Project("{FAE04EC0-301F-11D3-BF4B-00C04F79EFBC}") = "TestCode4", "TestCode4\TestCode4.csproj", "{0490450F-FB7D-4170-9903-398A1047E585}"
EndProject
Project("{FAE04EC0-301F-11D3-BF4B-00C04F79EFBC}") = "TestDriver1", "TestDriver1\TestDriver1.csproj", "{636C134D-4AB6-47ED-A77F-BB03C147FAFB}"
EndProject
Project("{FAE04EC0-301F-11D3-BF4B-00C04F79EFBC}") = "TestDriver2", "TestDriver2\TestDriver2.csproj", "{7E8A4EEB-E4DA-4713-928B-6EE554683CDD}"
EndProject
Project("{FAE04EC0-301F-11D3-BF4B-00C04F79EFBC}") = "TestDriver3", "TestDriver3\TestDriver3.csproj", "{F411314E-6BCE-4D0B-84DC-625F5417A3F5}"
EndProject
Project("{FAE04EC0-301F-11D3-BF4B-00C04F79EFBC}") = "TestDriver4", "TestDriver4\TestDriver4.csproj", "{B902BEA7-FA70-4D97-BC55-EC5D8C5B71C8}"
EndProject
Project("{FAE04EC0-301F-11D3-BF4B-00C04F79EFBC}") = "ReposToMain", "ReposToMain\ReposToMain.csproj", "{10168A8B-FAB8-4279-A5FD-58F8506EC8A5}"
EndProject
Project("{FAE04EC0-301F-11D3-BF4B-00C04F79EFBC}") = "GUI-Client", "GUI-Client\GUI-Client.csproj", "{1A60E2A9-0CE7-467F-9CA4-F12A9A0BAF29}"
EndProject
Project("{FAE04EC0-301F-11D3-BF4B-00C04F79EFBC}") = "GUIHarnessTest", "GUIHarnessTest\GUIHarnessTest.csproj", "{FEC7E33F-E4C7-4075-A98D-D0B718104747}"
EndProject
Project("{FAE04EC0-301F-11D3-BF4B-00C04F79EFBC}") = "GUI-Repository", "GUI-Repository\GUI-Repository.csproj", "{F48F58EC-F9BB-45EE-B77A-48226B442D36}"
EndProject
Global
	GlobalSection(SolutionConfigurationPlatforms) = preSolution
		Debug|Any CPU = Debug|Any CPU
		Debug|x86 = Debug|x86
		Release|Any CPU = Release|Any CPU
		Release|x86 = Release|x86
	EndGlobalSection
	GlobalSection(ProjectConfigurationPlatforms) = postSolution
		{2CDADBB2-ED16-4B7C-A4D9-507533047991}.Debug|Any CPU.ActiveCfg = Debug|Any CPU
		{2CDADBB2-ED16-4B7C-A4D9-507533047991}.Debug|Any CPU.Build.0 = Debug|Any CPU
		{2CDADBB2-ED16-4B7C-A4D9-507533047991}.Debug|x86.ActiveCfg = Debug|Any CPU
		{2CDADBB2-ED16-4B7C-A4D9-507533047991}.Debug|x86.Build.0 = Debug|Any CPU
		{2CDADBB2-ED16-4B7C-A4D9-507533047991}.Release|Any CPU.ActiveCfg = Release|Any CPU
		{2CDADBB2-ED16-4B7C-A4D9-507533047991}.Release|Any CPU.Build.0 = Release|Any CPU
		{2CDADBB2-ED16-4B7C-A4D9-507533047991}.Release|x86.ActiveCfg = Release|Any CPU
		{2CDADBB2-ED16-4B7C-A4D9-507533047991}.Release|x86.Build.0 = Release|Any CPU
		{9DC86AAC-C625-4BCD-8011-9D36551C4320}.Debug|Any CPU.ActiveCfg = Debug|Any CPU
		{9DC86AAC-C625-4BCD-8011-9D36551C4320}.Debug|Any CPU.Build.0 = Debug|Any CPU
		{9DC86AAC-C625-4BCD-8011-9D36551C4320}.Debug|x86.ActiveCfg = Debug|Any CPU
		{9DC86AAC-C625-4BCD-8011-9D36551C4320}.Debug|x86.Build.0 = Debug|Any CPU
		{9DC86AAC-C625-4BCD-8011-9D36551C4320}.Release|Any CPU.ActiveCfg = Release|Any CPU
		{9DC86AAC-C625-4BCD-8011-9D36551C4320}.Release|Any CPU.Build.0 = Release|Any CPU
		{9DC86AAC-C625-4BCD-8011-9D36551C4320}.Release|x86.ActiveCfg = Release|Any CPU
		{9DC86AAC-C625-4BCD-8011-9D36551C4320}.Release|x86.Build.0 = Release|Any CPU
		{2B18C238-3961-44BE-8813-0D4A8DC89FBF}.Debug|Any CPU.ActiveCfg = Debug|Any CPU
		{2B18C238-3961-44BE-8813-0D4A8DC89FBF}.Debug|Any CPU.Build.0 = Debug|Any CPU
		{2B18C238-3961-44BE-8813-0D4A8DC89FBF}.Debug|x86.ActiveCfg = Debug|Any CPU
		{2B18C238-3961-44BE-8813-0D4A8DC89FBF}.Debug|x86.Build.0 = Debug|Any CPU
		{2B18C238-3961-44BE-8813-0D4A8DC89FBF}.Release|Any CPU.ActiveCfg = Release|Any CPU
		{2B18C238-3961-44BE-8813-0D4A8DC89FBF}.Release|Any CPU.Build.0 = Release|Any CPU
		{2B18C238-3961-44BE-8813-0D4A8DC89FBF}.Release|x86.ActiveCfg = Release|Any CPU
		{2B18C238-3961-44BE-8813-0D4A8DC89FBF}.Release|x86.Build.0 = Release|Any CPU
		{4C9C60B6-34AA-4F47-8B81-E9BB549BB0DB}.Debug|Any CPU.ActiveCfg = Debug|Any CPU
		{4C9C60B6-34AA-4F47-8B81-E9BB549BB0DB}.Debug|Any CPU.Build.0 = Debug|Any CPU
		{4C9C60B6-34AA-4F47-8B81-E9BB549BB0DB}.Debug|x86.ActiveCfg = Debug|Any CPU
		{4C9C60B6-34AA-4F47-8B81-E9BB549BB0DB}.Debug|x86.Build.0 = Debug|Any CPU
		{4C9C60B6-34AA-4F47-8B81-E9BB549BB0DB}.Release|Any CPU.ActiveCfg = Release|Any CPU
		{4C9C60B6-34AA-4F47-8B81-E9BB549BB0DB}.Release|Any CPU.Build.0 = Release|Any CPU
		{4C9C60B6-34AA-4F47-8B81-E9BB549BB0DB}.Release|x86.ActiveCfg = Release|Any CPU
		{4C9C60B6-34AA-4F47-8B81-E9BB549BB0DB}.Release|x86.Build.0 = Release|Any CPU
		{46BF9755-AB2C-4A5B-81FE-0D2AB6E81811}.Debug|Any CPU.ActiveCfg = Debug|Any CPU
		{46BF9755-AB2C-4A5B-81FE-0D2AB6E81811}.Debug|Any CPU.Build.0 = Debug|Any CPU
		{46BF9755-AB2C-4A5B-81FE-0D2AB6E81811}.Debug|x86.ActiveCfg = Debug|Any CPU
		{46BF9755-AB2C-4A5B-81FE-0D2AB6E81811}.Debug|x86.Build.0 = Debug|Any CPU
		{46BF9755-AB2C-4A5B-81FE-0D2AB6E81811}.Release|Any CPU.ActiveCfg = Release|Any CPU
		{46BF9755-AB2C-4A5B-81FE-0D2AB6E81811}.Release|Any CPU.Build.0 = Release|Any CPU
		{46BF9755-AB2C-4A5B-81FE-0D2AB6E81811}.Release|x86.ActiveCfg = Release|Any CPU
		{46BF9755-AB2C-4A5B-81FE-0D2AB6E81811}.Release|x86.Build.0 = Release|Any CPU
		{009ECDA4-B488-4D7C-9F17-2B4929C2A8F0}.Debug|Any CPU.ActiveCfg = Debug|Any CPU
		{009ECDA4-B488-4D7C-9F17-2B4929C2A8F0}.Debug|Any CPU.Build.0 = Debug|Any CPU
		{009ECDA4-B488-4D7C-9F17-2B4929C2A8F0}.Debug|x86.ActiveCfg = Debug|Any CPU
		{009ECDA4-B488-4D7C-9F17-2B4929C2A8F0}.Debug|x86.Build.0 = Debug|Any CPU
		{009ECDA4-B488-4D7C-9F17-2B4929C2A8F0}.Release|Any CPU.ActiveCfg = Release|Any CPU
		{009ECDA4-B488-4D7C-9F17-2B4929C2A8F0}.Release|Any CPU.Build.0 = Release|Any CPU
		{009ECDA4-B488-4D7C-9F17-2B4929C2A8F0}.Release|x86.ActiveCfg = Release|Any CPU
		{009ECDA4-B488-4D7C-9F17-2B4929C2A8F0}.Release|x86.Build.0 = Release|Any CPU
		{2CF68BC1-5F69-4372-AEE2-9CDEDA457085}.Debug|Any CPU.ActiveCfg = Debug|Any CPU
		{2CF68BC1-5F69-4372-AEE2-9CDEDA457085}.Debug|Any CPU.Build.0 = Debug|Any CPU
		{2CF68BC1-5F69-4372-AEE2-9CDEDA457085}.Debug|x86.ActiveCfg = Debug|Any CPU
		{2CF68BC1-5F69-4372-AEE2-9CDEDA457085}.Debug|x86.Build.0 = Debug|Any CPU
		{2CF68BC1-5F69-4372-AEE2-9CDEDA457085}.Release|Any CPU.ActiveCfg = Release|Any CPU
		{2CF68BC1-5F69-4372-AEE2-9CDEDA457085}.Release|Any CPU.Build.0 = Release|Any CPU
		{2CF68BC1-5F69-4372-AEE2-9CDEDA457085}.Release|x86.ActiveCfg = Release|Any CPU
		{2CF68BC1-5F69-4372-AEE2-9CDEDA457085}.Release|x86.Build.0 = Release|Any CPU
		{58C96ED0-B249-4F03-B32E-FE2FB00A39DC}.Debug|Any CPU.ActiveCfg = Debug|Any CPU
		{58C96ED0-B249-4F03-B32E-FE2FB00A39DC}.Debug|Any CPU.Build.0 = Debug|Any CPU
		{58C96ED0-B249-4F03-B32E-FE2FB00A39DC}.Debug|x86.ActiveCfg = Debug|Any CPU
		{58C96ED0-B249-4F03-B32E-FE2FB00A39DC}.Debug|x86.Build.0 = Debug|Any CPU
		{58C96ED0-B249-4F03-B32E-FE2FB00A39DC}.Release|Any CPU.ActiveCfg = Release|Any CPU
		{58C96ED0-B249-4F03-B32E-FE2FB00A39DC}.Release|Any CPU.Build.0 = Release|Any CPU
		{58C96ED0-B249-4F03-B32E-FE2FB00A39DC}.Release|x86.ActiveCfg = Release|Any CPU
		{58C96ED0-B249-4F03-B32E-FE2FB00A39DC}.Release|x86.Build.0 = Release|Any CPU
		{66C5F965-7C66-479A-9960-A3CA6080A71B}.Debug|Any CPU.ActiveCfg = Debug|Any CPU
		{66C5F965-7C66-479A-9960-A3CA6080A71B}.Debug|Any CPU.Build.0 = Debug|Any CPU
		{66C5F965-7C66-479A-9960-A3CA6080A71B}.Debug|x86.ActiveCfg = Debug|Any CPU
		{66C5F965-7C66-479A-9960-A3CA6080A71B}.Debug|x86.Build.0 = Debug|Any CPU
		{66C5F965-7C66-479A-9960-A3CA6080A71B}.Release|Any CPU.ActiveCfg = Release|Any CPU
		{66C5F965-7C66-479A-9960-A3CA6080A71B}.Release|Any CPU.Build.0 = Release|Any CPU
		{66C5F965-7C66-479A-9960-A3CA6080A71B}.Release|x86.ActiveCfg = Release|Any CPU
		{66C5F965-7C66-479A-9960-A3CA6080A71B}.Release|x86.Build.0 = Release|Any CPU
		{A325BABC-E511-47E7-910C-EB7B6149A9D0}.Debug|Any CPU.ActiveCfg = Debug|Any CPU
		{A325BABC-E511-47E7-910C-EB7B6149A9D0}.Debug|Any CPU.Build.0 = Debug|Any CPU
		{A325BABC-E511-47E7-910C-EB7B6149A9D0}.Debug|x86.ActiveCfg = Debug|Any CPU
		{A325BABC-E511-47E7-910C-EB7B6149A9D0}.Debug|x86.Build.0 = Debug|Any CPU
		{A325BABC-E511-47E7-910C-EB7B6149A9D0}.Release|Any CPU.ActiveCfg = Release|Any CPU
		{A325BABC-E511-47E7-910C-EB7B6149A9D0}.Release|Any CPU.Build.0 = Release|Any CPU
		{A325BABC-E511-47E7-910C-EB7B6149A9D0}.Release|x86.ActiveCfg = Release|Any CPU
		{A325BABC-E511-47E7-910C-EB7B6149A9D0}.Release|x86.Build.0 = Release|Any CPU
		{3168AB72-0CD8-44E6-8137-408B8B5FDDB8}.Debug|Any CPU.ActiveCfg = Debug|Any CPU
		{3168AB72-0CD8-44E6-8137-408B8B5FDDB8}.Debug|Any CPU.Build.0 = Debug|Any CPU
		{3168AB72-0CD8-44E6-8137-408B8B5FDDB8}.Debug|x86.ActiveCfg = Debug|Any CPU
		{3168AB72-0CD8-44E6-8137-408B8B5FDDB8}.Debug|x86.Build.0 = Debug|Any CPU
		{3168AB72-0CD8-44E6-8137-408B8B5FDDB8}.Release|Any CPU.ActiveCfg = Release|Any CPU
		{3168AB72-0CD8-44E6-8137-408B8B5FDDB8}.Release|Any CPU.Build.0 = Release|Any CPU
		{3168AB72-0CD8-44E6-8137-408B8B5FDDB8}.Release|x86.ActiveCfg = Release|Any CPU
		{3168AB72-0CD8-44E6-8137-408B8B5FDDB8}.Release|x86.Build.0 = Release|Any CPU
		{255D29B0-6F4E-471E-9133-C786125BC914}.Debug|Any CPU.ActiveCfg = Debug|Any CPU
		{255D29B0-6F4E-471E-9133-C786125BC914}.Debug|Any CPU.Build.0 = Debug|Any CPU
		{255D29B0-6F4E-471E-9133-C786125BC914}.Debug|x86.ActiveCfg = Debug|Any CPU
		{255D29B0-6F4E-471E-9133-C786125BC914}.Debug|x86.Build.0 = Debug|Any CPU
		{255D29B0-6F4E-471E-9133-C786125BC914}.Release|Any CPU.ActiveCfg = Release|Any CPU
		{255D29B0-6F4E-471E-9133-C786125BC914}.Release|Any CPU.Build.0 = Release|Any CPU
		{255D29B0-6F4E-471E-9133-C786125BC914}.Release|x86.ActiveCfg = Release|Any CPU
		{255D29B0-6F4E-471E-9133-C786125BC914}.Release|x86.Build.0 = Release|Any CPU
		{97961BB7-5549-4CC5-A9B5-D120C74E2B8D}.Debug|Any CPU.ActiveCfg = Debug|Any CPU
		{97961BB7-5549-4CC5-A9B5-D120C74E2B8D}.Debug|Any CPU.Build.0 = Debug|Any CPU
		{97961BB7-5549-4CC5-A9B5-D120C74E2B8D}.Debug|x86.ActiveCfg = Debug|Any CPU
		{97961BB7-5549-4CC5-A9B5-D120C74E2B8D}.Debug|x86.Build.0 = Debug|Any CPU
		{97961BB7-5549-4CC5-A9B5-D120C74E2B8D}.Release|Any CPU.ActiveCfg = Release|Any CPU
		{97961BB7-5549-4CC5-A9B5-D120C74E2B8D}.Release|Any CPU.Build.0 = Release|Any CPU
		{97961BB7-5549-4CC5-A9B5-D120C74E2B8D}.Release|x86.ActiveCfg = Release|Any CPU
		{97961BB7-5549-4CC5-A9B5-D120C74E2B8D}.Release|x86.Build.0 = Release|Any CPU
		{00651528-25F8-4217-8972-60AB7E7F977E}.Debug|Any CPU.ActiveCfg = Debug|Any CPU
		{00651528-25F8-4217-8972-60AB7E7F977E}.Debug|Any CPU.Build.0 = Debug|Any CPU
		{00651528-25F8-4217-8972-60AB7E7F977E}.Debug|x86.ActiveCfg = Debug|Any CPU
		{00651528-25F8-4217-8972-60AB7E7F977E}.Debug|x86.Build.0 = Debug|Any CPU
		{00651528-25F8-4217-8972-60AB7E7F977E}.Release|Any CPU.ActiveCfg = Release|Any CPU
		{00651528-25F8-4217-8972-60AB7E7F977E}.Release|Any CPU.Build.0 = Release|Any CPU
		{00651528-25F8-4217-8972-60AB7E7F977E}.Release|x86.ActiveCfg = Release|Any CPU
		{00651528-25F8-4217-8972-60AB7E7F977E}.Release|x86.Build.0 = Release|Any CPU
		{C8DB933E-6FAD-4541-8800-5A1A7929FAFF}.Debug|Any CPU.ActiveCfg = Debug|Any CPU
		{C8DB933E-6FAD-4541-8800-5A1A7929FAFF}.Debug|Any CPU.Build.0 = Debug|Any CPU
		{C8DB933E-6FAD-4541-8800-5A1A7929FAFF}.Debug|x86.ActiveCfg = Debug|Any CPU
		{C8DB933E-6FAD-4541-8800-5A1A7929FAFF}.Debug|x86.Build.0 = Debug|Any CPU
		{C8DB933E-6FAD-4541-8800-5A1A7929FAFF}.Release|Any CPU.ActiveCfg = Release|Any CPU
		{C8DB933E-6FAD-4541-8800-5A1A7929FAFF}.Release|Any CPU.Build.0 = Release|Any CPU
		{C8DB933E-6FAD-4541-8800-5A1A7929FAFF}.Release|x86.ActiveCfg = Release|Any CPU
		{C8DB933E-6FAD-4541-8800-5A1A7929FAFF}.Release|x86.Build.0 = Release|Any CPU
		{24DBED17-B6D9-484A-983B-236009CA2453}.Debug|Any CPU.ActiveCfg = Debug|Any CPU
		{24DBED17-B6D9-484A-983B-236009CA2453}.Debug|Any CPU.Build.0 = Debug|Any CPU
		{24DBED17-B6D9-484A-983B-236009CA2453}.Debug|x86.ActiveCfg = Debug|Any CPU
		{24DBED17-B6D9-484A-983B-236009CA2453}.Debug|x86.Build.0 = Debug|Any CPU
		{24DBED17-B6D9-484A-983B-236009CA2453}.Release|Any CPU.ActiveCfg = Release|Any CPU
		{24DBED17-B6D9-484A-983B-236009CA2453}.Release|Any CPU.Build.0 = Release|Any CPU
		{24DBED17-B6D9-484A-983B-236009CA2453}.Release|x86.ActiveCfg = Release|Any CPU
		{24DBED17-B6D9-484A-983B-236009CA2453}.Release|x86.Build.0 = Release|Any CPU
		{0490450F-FB7D-4170-9903-398A1047E585}.Debug|Any CPU.ActiveCfg = Debug|Any CPU
		{0490450F-FB7D-4170-9903-398A1047E585}.Debug|Any CPU.Build.0 = Debug|Any CPU
		{0490450F-FB7D-4170-9903-398A1047E585}.Debug|x86.ActiveCfg = Debug|Any CPU
		{0490450F-FB7D-4170-9903-398A1047E585}.Debug|x86.Build.0 = Debug|Any CPU
		{0490450F-FB7D-4170-9903-398A1047E585}.Release|Any CPU.ActiveCfg = Release|Any CPU
		{0490450F-FB7D-4170-9903-398A1047E585}.Release|Any CPU.Build.0 = Release|Any CPU
		{0490450F-FB7D-4170-9903-398A1047E585}.Release|x86.ActiveCfg = Release|Any CPU
		{0490450F-FB7D-4170-9903-398A1047E585}.Release|x86.Build.0 = Release|Any CPU
		{636C134D-4AB6-47ED-A77F-BB03C147FAFB}.Debug|Any CPU.ActiveCfg = Debug|Any CPU
		{636C134D-4AB6-47ED-A77F-BB03C147FAFB}.Debug|Any CPU.Build.0 = Debug|Any CPU
		{636C134D-4AB6-47ED-A77F-BB03C147FAFB}.Debug|x86.ActiveCfg = Debug|Any CPU
		{636C134D-4AB6-47ED-A77F-BB03C147FAFB}.Debug|x86.Build.0 = Debug|Any CPU
		{636C134D-4AB6-47ED-A77F-BB03C147FAFB}.Release|Any CPU.ActiveCfg = Release|Any CPU
		{636C134D-4AB6-47ED-A77F-BB03C147FAFB}.Release|Any CPU.Build.0 = Release|Any CPU
		{636C134D-4AB6-47ED-A77F-BB03C147FAFB}.Release|x86.ActiveCfg = Release|Any CPU
		{636C134D-4AB6-47ED-A77F-BB03C147FAFB}.Release|x86.Build.0 = Release|Any CPU
		{7E8A4EEB-E4DA-4713-928B-6EE554683CDD}.Debug|Any CPU.ActiveCfg = Debug|Any CPU
		{7E8A4EEB-E4DA-4713-928B-6EE554683CDD}.Debug|Any CPU.Build.0 = Debug|Any CPU
		{7E8A4EEB-E4DA-4713-928B-6EE554683CDD}.Debug|x86.ActiveCfg = Debug|Any CPU
		{7E8A4EEB-E4DA-4713-928B-6EE554683CDD}.Debug|x86.Build.0 = Debug|Any CPU
		{7E8A4EEB-E4DA-4713-928B-6EE554683CDD}.Release|Any CPU.ActiveCfg = Release|Any CPU
		{7E8A4EEB-E4DA-4713-928B-6EE554683CDD}.Release|Any CPU.Build.0 = Release|Any CPU
		{7E8A4EEB-E4DA-4713-928B-6EE554683CDD}.Release|x86.ActiveCfg = Release|Any CPU
		{7E8A4EEB-E4DA-4713-928B-6EE554683CDD}.Release|x86.Build.0 = Release|Any CPU
		{F411314E-6BCE-4D0B-84DC-625F5417A3F5}.Debug|Any CPU.ActiveCfg = Debug|Any CPU
		{F411314E-6BCE-4D0B-84DC-625F5417A3F5}.Debug|Any CPU.Build.0 = Debug|Any CPU
		{F411314E-6BCE-4D0B-84DC-625F5417A3F5}.Debug|x86.ActiveCfg = Debug|Any CPU
		{F411314E-6BCE-4D0B-84DC-625F5417A3F5}.Debug|x86.Build.0 = Debug|Any CPU
		{F411314E-6BCE-4D0B-84DC-625F5417A3F5}.Release|Any CPU.ActiveCfg = Release|Any CPU
		{F411314E-6BCE-4D0B-84DC-625F5417A3F5}.Release|Any CPU.Build.0 = Release|Any CPU
		{F411314E-6BCE-4D0B-84DC-625F5417A3F5}.Release|x86.ActiveCfg = Release|Any CPU
		{F411314E-6BCE-4D0B-84DC-625F5417A3F5}.Release|x86.Build.0 = Release|Any CPU
		{B902BEA7-FA70-4D97-BC55-EC5D8C5B71C8}.Debug|Any CPU.ActiveCfg = Debug|Any CPU
		{B902BEA7-FA70-4D97-BC55-EC5D8C5B71C8}.Debug|Any CPU.Build.0 = Debug|Any CPU
		{B902BEA7-FA70-4D97-BC55-EC5D8C5B71C8}.Debug|x86.ActiveCfg = Debug|Any CPU
		{B902BEA7-FA70-4D97-BC55-EC5D8C5B71C8}.Debug|x86.Build.0 = Debug|Any CPU
		{B902BEA7-FA70-4D97-BC55-EC5D8C5B71C8}.Release|Any CPU.ActiveCfg = Release|Any CPU
		{B902BEA7-FA70-4D97-BC55-EC5D8C5B71C8}.Release|Any CPU.Build.0 = Release|Any CPU
		{B902BEA7-FA70-4D97-BC55-EC5D8C5B71C8}.Release|x86.ActiveCfg = Release|Any CPU
		{B902BEA7-FA70-4D97-BC55-EC5D8C5B71C8}.Release|x86.Build.0 = Release|Any CPU
		{10168A8B-FAB8-4279-A5FD-58F8506EC8A5}.Debug|Any CPU.ActiveCfg = Debug|Any CPU
		{10168A8B-FAB8-4279-A5FD-58F8506EC8A5}.Debug|Any CPU.Build.0 = Debug|Any CPU
		{10168A8B-FAB8-4279-A5FD-58F8506EC8A5}.Debug|x86.ActiveCfg = Debug|Any CPU
		{10168A8B-FAB8-4279-A5FD-58F8506EC8A5}.Debug|x86.Build.0 = Debug|Any CPU
		{10168A8B-FAB8-4279-A5FD-58F8506EC8A5}.Release|Any CPU.ActiveCfg = Release|Any CPU
		{10168A8B-FAB8-4279-A5FD-58F8506EC8A5}.Release|Any CPU.Build.0 = Release|Any CPU
		{10168A8B-FAB8-4279-A5FD-58F8506EC8A5}.Release|x86.ActiveCfg = Release|Any CPU
		{10168A8B-FAB8-4279-A5FD-58F8506EC8A5}.Release|x86.Build.0 = Release|Any CPU
		{1A60E2A9-0CE7-467F-9CA4-F12A9A0BAF29}.Debug|Any CPU.ActiveCfg = Debug|Any CPU
		{1A60E2A9-0CE7-467F-9CA4-F12A9A0BAF29}.Debug|Any CPU.Build.0 = Debug|Any CPU
		{1A60E2A9-0CE7-467F-9CA4-F12A9A0BAF29}.Debug|x86.ActiveCfg = Debug|Any CPU
		{1A60E2A9-0CE7-467F-9CA4-F12A9A0BAF29}.Debug|x86.Build.0 = Debug|Any CPU
		{1A60E2A9-0CE7-467F-9CA4-F12A9A0BAF29}.Release|Any CPU.ActiveCfg = Release|Any CPU
		{1A60E2A9-0CE7-467F-9CA4-F12A9A0BAF29}.Release|Any CPU.Build.0 = Release|Any CPU
		{1A60E2A9-0CE7-467F-9CA4-F12A9A0BAF29}.Release|x86.ActiveCfg = Release|Any CPU
		{1A60E2A9-0CE7-467F-9CA4-F12A9A0BAF29}.Release|x86.Build.0 = Release|Any CPU
		{FEC7E33F-E4C7-4075-A98D-D0B718104747}.Debug|Any CPU.ActiveCfg = Debug|Any CPU
		{FEC7E33F-E4C7-4075-A98D-D0B718104747}.Debug|Any CPU.Build.0 = Debug|Any CPU
		{FEC7E33F-E4C7-4075-A98D-D0B718104747}.Debug|x86.ActiveCfg = Debug|Any CPU
		{FEC7E33F-E4C7-4075-A98D-D0B718104747}.Debug|x86.Build.0 = Debug|Any CPU
		{FEC7E33F-E4C7-4075-A98D-D0B718104747}.Release|Any CPU.ActiveCfg = Release|Any CPU
		{FEC7E33F-E4C7-4075-A98D-D0B718104747}.Release|Any CPU.Build.0 = Release|Any CPU
		{FEC7E33F-E4C7-4075-A98D-D0B718104747}.Release|x86.ActiveCfg = Release|Any CPU
		{FEC7E33F-E4C7-4075-A98D-D0B718104747}.Release|x86.Build.0 = Release|Any CPU
		{F48F58EC-F9BB-45EE-B77A-48226B442D36}.Debug|Any CPU.ActiveCfg = Debug|Any CPU
		{F48F58EC-F9BB-45EE-B77A-48226B442D36}.Debug|Any CPU.Build.0 = Debug|Any CPU
		{F48F58EC-F9BB-45EE-B77A-48226B442D36}.Debug|x86.ActiveCfg = Debug|Any CPU
		{F48F58EC-F9BB-45EE-B77A-48226B442D36}.Debug|x86.Build.0 = Debug|Any CPU
		{F48F58EC-F9BB-45EE-B77A-48226B442D36}.Release|Any CPU.ActiveCfg = Release|Any CPU
		{F48F58EC-F9BB-45EE-B77A-48226B442D36}.Release|Any CPU.Build.0 = Release|Any CPU
		{F48F58EC-F9BB-45EE-B77A-48226B442D36}.Release|x86.ActiveCfg = Release|Any CPU
		{F48F58EC-F9BB-45EE-B77A-48226B442D36}.Release|x86.Build.0 = Release|Any CPU
	EndGlobalSection
	GlobalSection(SolutionProperties) = preSolution
		HideSolutionNode = FALSE
	EndGlobalSection
EndGlobal
